
Microsoft Visual Studio Solution File, Format Version 12.00
# Visual Studio Version 16
VisualStudioVersion = 16.0.29230.47
MinimumVisualStudioVersion = 10.0.40219.1
Project("{8BC9CEB8-8B4A-11D0-8D11-00A0C91BC942}") = "Server", "Server\Server.vcxproj", "{216C8324-B0E9-4CE0-945A-659627F0A75F}"
EndProject
Global
	GlobalSection(SolutionConfigurationPlatforms) = preSolution
		Debug|x64 = Debug|x64
		Debug|x86 = Debug|x86
		Release|x64 = Release|x64
		Release|x86 = Release|x86
	EndGlobalSection
	GlobalSection(ProjectConfigurationPlatforms) = postSolution
		{216C8324-B0E9-4CE0-945A-659627F0A75F}.Debug|x64.ActiveCfg = Debug|x64
		{216C8324-B0E9-4CE0-945A-659627F0A75F}.Debug|x64.Build.0 = Debug|x64
		{216C8324-B0E9-4CE0-945A-659627F0A75F}.Debug|x86.ActiveCfg = Debug|Win32
		{216C8324-B0E9-4CE0-945A-659627F0A75F}.Debug|x86.Build.0 = Debug|Win32
		{216C8324-B0E9-4CE0-945A-659627F0A75F}.Release|x64.ActiveCfg = Release|x64
		{216C8324-B0E9-4CE0-945A-659627F0A75F}.Release|x64.Build.0 = Release|x64
		{216C8324-B0E9-4CE0-945A-659627F0A75F}.Release|x86.ActiveCfg = Release|Win32
		{216C8324-B0E9-4CE0-945A-659627F0A75F}.Release|x86.Build.0 = Release|Win32
	EndGlobalSection
	GlobalSection(SolutionProperties) = preSolution
		HideSolutionNode = FALSE
	EndGlobalSection
	GlobalSection(ExtensibilityGlobals) = postSolution
		SolutionGuid = {BBE530CA-7291-4DFF-AC90-E5D98A8B4ECF}
	EndGlobalSection
EndGlobal
